
Microsoft Visual Studio Solution File, Format Version 12.00
# Visual Studio Version 16
VisualStudioVersion = 16.0.29728.190
MinimumVisualStudioVersion = 10.0.40219.1
Project("{9A19103F-16F7-4668-BE54-9A1E7A4F7556}") = "FowlerSite", "FowlerSite.csproj", "{50868B1A-2C05-4492-A9EB-D061EAEFB31B}"
EndProject
Project("{FAE04EC0-301F-11D3-BF4B-00C04F79EFBC}") = "DataAccessLibrary", "..\DataAccessLibrary\DataAccessLibrary.csproj", "{2158CD6B-2893-417A-BFA4-553951AF3160}"
EndProject
Global
	GlobalSection(SolutionConfigurationPlatforms) = preSolution
		Debug|Any CPU = Debug|Any CPU
		Release|Any CPU = Release|Any CPU
	EndGlobalSection
	GlobalSection(ProjectConfigurationPlatforms) = postSolution
		{50868B1A-2C05-4492-A9EB-D061EAEFB31B}.Debug|Any CPU.ActiveCfg = Debug|Any CPU
		{50868B1A-2C05-4492-A9EB-D061EAEFB31B}.Debug|Any CPU.Build.0 = Debug|Any CPU
		{50868B1A-2C05-4492-A9EB-D061EAEFB31B}.Release|Any CPU.ActiveCfg = Release|Any CPU
		{50868B1A-2C05-4492-A9EB-D061EAEFB31B}.Release|Any CPU.Build.0 = Release|Any CPU
		{2158CD6B-2893-417A-BFA4-553951AF3160}.Debug|Any CPU.ActiveCfg = Debug|Any CPU
		{2158CD6B-2893-417A-BFA4-553951AF3160}.Debug|Any CPU.Build.0 = Debug|Any CPU
		{2158CD6B-2893-417A-BFA4-553951AF3160}.Release|Any CPU.ActiveCfg = Release|Any CPU
		{2158CD6B-2893-417A-BFA4-553951AF3160}.Release|Any CPU.Build.0 = Release|Any CPU
	EndGlobalSection
	GlobalSection(SolutionProperties) = preSolution
		HideSolutionNode = FALSE
	EndGlobalSection
	GlobalSection(ExtensibilityGlobals) = postSolution
		SolutionGuid = {1997F302-A6FE-4540-909C-2B7203DE644C}
	EndGlobalSection
EndGlobal
